// !$*UTF8*$!
{
	archiveVersion = 1;
	classes = {
	};
	objectVersion = 50;
	objects = {

/* Begin PBXBuildFile section */
		11A28358219EAF9F008EA2BD /* AppDelegate.m in Sources */ = {isa = PBXBuildFile; fileRef = 11A28357219EAF9F008EA2BD /* AppDelegate.m */; };
		11A2835B219EAF9F008EA2BD /* ViewController.m in Sources */ = {isa = PBXBuildFile; fileRef = 11A2835A219EAF9F008EA2BD /* ViewController.m */; };
		11A28360219EAFA0008EA2BD /* Assets.xcassets in Resources */ = {isa = PBXBuildFile; fileRef = 11A2835F219EAFA0008EA2BD /* Assets.xcassets */; };
		11A28363219EAFA0008EA2BD /* LaunchScreen.storyboard in Resources */ = {isa = PBXBuildFile; fileRef = 11A28361219EAFA0008EA2BD /* LaunchScreen.storyboard */; };
		11A28366219EAFA0008EA2BD /* main.m in Sources */ = {isa = PBXBuildFile; fileRef = 11A28365219EAFA0008EA2BD /* main.m */; };
		11A28370219EAFA1008EA2BD /* SKNavMenuDemoTests.m in Sources */ = {isa = PBXBuildFile; fileRef = 11A2836F219EAFA1008EA2BD /* SKNavMenuDemoTests.m */; };
		11A2837B219EAFA1008EA2BD /* SKNavMenuDemoUITests.m in Sources */ = {isa = PBXBuildFile; fileRef = 11A2837A219EAFA1008EA2BD /* SKNavMenuDemoUITests.m */; };
		11A2838A219EB00A008EA2BD /* SK_TopNavFilterView.m in Sources */ = {isa = PBXBuildFile; fileRef = 11A28389219EB00A008EA2BD /* SK_TopNavFilterView.m */; };
/* End PBXBuildFile section */

/* Begin PBXContainerItemProxy section */
		11A2836C219EAFA1008EA2BD /* PBXContainerItemProxy */ = {
			isa = PBXContainerItemProxy;
			containerPortal = 11A2834B219EAF9F008EA2BD /* Project object */;
			proxyType = 1;
			remoteGlobalIDString = 11A28352219EAF9F008EA2BD;
			remoteInfo = SKNavMenuDemo;
		};
		11A28377219EAFA1008EA2BD /* PBXContainerItemProxy */ = {
			isa = PBXContainerItemProxy;
			containerPortal = 11A2834B219EAF9F008EA2BD /* Project object */;
			proxyType = 1;
			remoteGlobalIDString = 11A28352219EAF9F008EA2BD;
			remoteInfo = SKNavMenuDemo;
		};
/* End PBXContainerItemProxy section */

/* Begin PBXFileReference section */
		11A28353219EAF9F008EA2BD /* SKNavMenuDemo.app */ = {isa = PBXFileReference; explicitFileType = wrapper.application; includeInIndex = 0; path = SKNavMenuDemo.app; sourceTree = BUILT_PRODUCTS_DIR; };
		11A28356219EAF9F008EA2BD /* AppDelegate.h */ = {isa = PBXFileReference; lastKnownFileType = sourcecode.c.h; path = AppDelegate.h; sourceTree = "<group>"; };
		11A28357219EAF9F008EA2BD /* AppDelegate.m */ = {isa = PBXFileReference; lastKnownFileType = sourcecode.c.objc; path = AppDelegate.m; sourceTree = "<group>"; };
		11A28359219EAF9F008EA2BD /* ViewController.h */ = {isa = PBXFileReference; lastKnownFileType = sourcecode.c.h; path = ViewController.h; sourceTree = "<group>"; };
		11A2835A219EAF9F008EA2BD /* ViewController.m */ = {isa = PBXFileReference; lastKnownFileType = sourcecode.c.objc; path = ViewController.m; sourceTree = "<group>"; };
		11A2835F219EAFA0008EA2BD /* Assets.xcassets */ = {isa = PBXFileReference; lastKnownFileType = folder.assetcatalog; path = Assets.xcassets; sourceTree = "<group>"; };
		11A28362219EAFA0008EA2BD /* Base */ = {isa = PBXFileReference; lastKnownFileType = file.storyboard; name = Base; path = Base.lproj/LaunchScreen.storyboard; sourceTree = "<group>"; };
		11A28364219EAFA0008EA2BD /* Info.plist */ = {isa = PBXFileReference; lastKnownFileType = text.plist.xml; path = Info.plist; sourceTree = "<group>"; };
		11A28365219EAFA0008EA2BD /* main.m */ = {isa = PBXFileReference; lastKnownFileType = sourcecode.c.objc; path = main.m; sourceTree = "<group>"; };
		11A2836B219EAFA1008EA2BD /* SKNavMenuDemoTests.xctest */ = {isa = PBXFileReference; explicitFileType = wrapper.cfbundle; includeInIndex = 0; path = SKNavMenuDemoTests.xctest; sourceTree = BUILT_PRODUCTS_DIR; };
		11A2836F219EAFA1008EA2BD /* SKNavMenuDemoTests.m */ = {isa = PBXFileReference; lastKnownFileType = sourcecode.c.objc; path = SKNavMenuDemoTests.m; sourceTree = "<group>"; };
		11A28371219EAFA1008EA2BD /* Info.plist */ = {isa = PBXFileReference; lastKnownFileType = text.plist.xml; path = Info.plist; sourceTree = "<group>"; };
		11A28376219EAFA1008EA2BD /* SKNavMenuDemoUITests.xctest */ = {isa = PBXFileReference; explicitFileType = wrapper.cfbundle; includeInIndex = 0; path = SKNavMenuDemoUITests.xctest; sourceTree = BUILT_PRODUCTS_DIR; };
		11A2837A219EAFA1008EA2BD /* SKNavMenuDemoUITests.m */ = {isa = PBXFileReference; lastKnownFileType = sourcecode.c.objc; path = SKNavMenuDemoUITests.m; sourceTree = "<group>"; };
		11A2837C219EAFA1008EA2BD /* Info.plist */ = {isa = PBXFileReference; lastKnownFileType = text.plist.xml; path = Info.plist; sourceTree = "<group>"; };
		11A28388219EB00A008EA2BD /* SK_TopNavFilterView.h */ = {isa = PBXFileReference; fileEncoding = 4; lastKnownFileType = sourcecode.c.h; path = SK_TopNavFilterView.h; sourceTree = "<group>"; };
		11A28389219EB00A008EA2BD /* SK_TopNavFilterView.m */ = {isa = PBXFileReference; fileEncoding = 4; lastKnownFileType = sourcecode.c.objc; path = SK_TopNavFilterView.m; sourceTree = "<group>"; };
/* End PBXFileReference section */

/* Begin PBXFrameworksBuildPhase section */
		11A28350219EAF9F008EA2BD /* Frameworks */ = {
			isa = PBXFrameworksBuildPhase;
			buildActionMask = 2147483647;
			files = (
			);
			runOnlyForDeploymentPostprocessing = 0;
		};
		11A28368219EAFA1008EA2BD /* Frameworks */ = {
			isa = PBXFrameworksBuildPhase;
			buildActionMask = 2147483647;
			files = (
			);
			runOnlyForDeploymentPostprocessing = 0;
		};
		11A28373219EAFA1008EA2BD /* Frameworks */ = {
			isa = PBXFrameworksBuildPhase;
			buildActionMask = 2147483647;
			files = (
			);
			runOnlyForDeploymentPostprocessing = 0;
		};
/* End PBXFrameworksBuildPhase section */

/* Begin PBXGroup section */
		11A2834A219EAF9F008EA2BD = {
			isa = PBXGroup;
			children = (
				11A28355219EAF9F008EA2BD /* SKNavMenuDemo */,
				11A2836E219EAFA1008EA2BD /* SKNavMenuDemoTests */,
				11A28379219EAFA1008EA2BD /* SKNavMenuDemoUITests */,
				11A28354219EAF9F008EA2BD /* Products */,
			);
			sourceTree = "<group>";
		};
		11A28354219EAF9F008EA2BD /* Products */ = {
			isa = PBXGroup;
			children = (
				11A28353219EAF9F008EA2BD /* SKNavMenuDemo.app */,
				11A2836B219EAFA1008EA2BD /* SKNavMenuDemoTests.xctest */,
				11A28376219EAFA1008EA2BD /* SKNavMenuDemoUITests.xctest */,
			);
			name = Products;
			sourceTree = "<group>";
		};
		11A28355219EAF9F008EA2BD /* SKNavMenuDemo */ = {
			isa = PBXGroup;
			children = (
				11A28356219EAF9F008EA2BD /* AppDelegate.h */,
				11A28357219EAF9F008EA2BD /* AppDelegate.m */,
				11A28359219EAF9F008EA2BD /* ViewController.h */,
				11A2835A219EAF9F008EA2BD /* ViewController.m */,
				11A28388219EB00A008EA2BD /* SK_TopNavFilterView.h */,
				11A28389219EB00A008EA2BD /* SK_TopNavFilterView.m */,
				11A2835F219EAFA0008EA2BD /* Assets.xcassets */,
				11A28361219EAFA0008EA2BD /* LaunchScreen.storyboard */,
				11A28364219EAFA0008EA2BD /* Info.plist */,
				11A28365219EAFA0008EA2BD /* main.m */,
			);
			path = SKNavMenuDemo;
			sourceTree = "<group>";
		};
		11A2836E219EAFA1008EA2BD /* SKNavMenuDemoTests */ = {
			isa = PBXGroup;
			children = (
				11A2836F219EAFA1008EA2BD /* SKNavMenuDemoTests.m */,
				11A28371219EAFA1008EA2BD /* Info.plist */,
			);
			path = SKNavMenuDemoTests;
			sourceTree = "<group>";
		};
		11A28379219EAFA1008EA2BD /* SKNavMenuDemoUITests */ = {
			isa = PBXGroup;
			children = (
				11A2837A219EAFA1008EA2BD /* SKNavMenuDemoUITests.m */,
				11A2837C219EAFA1008EA2BD /* Info.plist */,
			);
			path = SKNavMenuDemoUITests;
			sourceTree = "<group>";
		};
/* End PBXGroup section */

/* Begin PBXNativeTarget section */
		11A28352219EAF9F008EA2BD /* SKNavMenuDemo */ = {
			isa = PBXNativeTarget;
			buildConfigurationList = 11A2837F219EAFA1008EA2BD /* Build configuration list for PBXNativeTarget "SKNavMenuDemo" */;
			buildPhases = (
				11A2834F219EAF9F008EA2BD /* Sources */,
				11A28350219EAF9F008EA2BD /* Frameworks */,
				11A28351219EAF9F008EA2BD /* Resources */,
			);
			buildRules = (
			);
			dependencies = (
			);
			name = SKNavMenuDemo;
			productName = SKNavMenuDemo;
			productReference = 11A28353219EAF9F008EA2BD /* SKNavMenuDemo.app */;
			productType = "com.apple.product-type.application";
		};
		11A2836A219EAFA1008EA2BD /* SKNavMenuDemoTests */ = {
			isa = PBXNativeTarget;
			buildConfigurationList = 11A28382219EAFA1008EA2BD /* Build configuration list for PBXNativeTarget "SKNavMenuDemoTests" */;
			buildPhases = (
				11A28367219EAFA1008EA2BD /* Sources */,
				11A28368219EAFA1008EA2BD /* Frameworks */,
				11A28369219EAFA1008EA2BD /* Resources */,
			);
			buildRules = (
			);
			dependencies = (
				11A2836D219EAFA1008EA2BD /* PBXTargetDependency */,
			);
			name = SKNavMenuDemoTests;
			productName = SKNavMenuDemoTests;
			productReference = 11A2836B219EAFA1008EA2BD /* SKNavMenuDemoTests.xctest */;
			productType = "com.apple.product-type.bundle.unit-test";
		};
		11A28375219EAFA1008EA2BD /* SKNavMenuDemoUITests */ = {
			isa = PBXNativeTarget;
			buildConfigurationList = 11A28385219EAFA1008EA2BD /* Build configuration list for PBXNativeTarget "SKNavMenuDemoUITests" */;
			buildPhases = (
				11A28372219EAFA1008EA2BD /* Sources */,
				11A28373219EAFA1008EA2BD /* Frameworks */,
				11A28374219EAFA1008EA2BD /* Resources */,
			);
			buildRules = (
			);
			dependencies = (
				11A28378219EAFA1008EA2BD /* PBXTargetDependency */,
			);
			name = SKNavMenuDemoUITests;
			productName = SKNavMenuDemoUITests;
			productReference = 11A28376219EAFA1008EA2BD /* SKNavMenuDemoUITests.xctest */;
			productType = "com.apple.product-type.bundle.ui-testing";
		};
/* End PBXNativeTarget section */

/* Begin PBXProject section */
		11A2834B219EAF9F008EA2BD /* Project object */ = {
			isa = PBXProject;
			attributes = {
				LastUpgradeCheck = 1010;
				ORGANIZATIONNAME = AlexanderYeah;
				TargetAttributes = {
					11A28352219EAF9F008EA2BD = {
						CreatedOnToolsVersion = 10.1;
					};
					11A2836A219EAFA1008EA2BD = {
						CreatedOnToolsVersion = 10.1;
						TestTargetID = 11A28352219EAF9F008EA2BD;
					};
					11A28375219EAFA1008EA2BD = {
						CreatedOnToolsVersion = 10.1;
						TestTargetID = 11A28352219EAF9F008EA2BD;
					};
				};
			};
			buildConfigurationList = 11A2834E219EAF9F008EA2BD /* Build configuration list for PBXProject "SKNavMenuDemo" */;
			compatibilityVersion = "Xcode 9.3";
			developmentRegion = en;
			hasScannedForEncodings = 0;
			knownRegions = (
				en,
				Base,
			);
			mainGroup = 11A2834A219EAF9F008EA2BD;
			productRefGroup = 11A28354219EAF9F008EA2BD /* Products */;
			projectDirPath = "";
			projectRoot = "";
			targets = (
				11A28352219EAF9F008EA2BD /* SKNavMenuDemo */,
				11A2836A219EAFA1008EA2BD /* SKNavMenuDemoTests */,
				11A28375219EAFA1008EA2BD /* SKNavMenuDemoUITests */,
			);
		};
/* End PBXProject section */

/* Begin PBXResourcesBuildPhase section */
		11A28351219EAF9F008EA2BD /* Resources */ = {
			isa = PBXResourcesBuildPhase;
			buildActionMask = 2147483647;
			files = (
				11A28363219EAFA0008EA2BD /* LaunchScreen.storyboard in Resources */,
				11A28360219EAFA0008EA2BD /* Assets.xcassets in Resources */,
			);
			runOnlyForDeploymentPostprocessing = 0;
		};
		11A28369219EAFA1008EA2BD /* Resources */ = {
			isa = PBXResourcesBuildPhase;
			buildActionMask = 2147483647;
			files = (
			);
			runOnlyForDeploymentPostprocessing = 0;
		};
		11A28374219EAFA1008EA2BD /* Resources */ = {
			isa = PBXResourcesBuildPhase;
			buildActionMask = 2147483647;
			files = (
			);
			runOnlyForDeploymentPostprocessing = 0;
		};
/* End PBXResourcesBuildPhase section */

/* Begin PBXSourcesBuildPhase section */
		11A2834F219EAF9F008EA2BD /* Sources */ = {
			isa = PBXSourcesBuildPhase;
			buildActionMask = 2147483647;
			files = (
				11A2835B219EAF9F008EA2BD /* ViewController.m in Sources */,
				11A28366219EAFA0008EA2BD /* main.m in Sources */,
				11A2838A219EB00A008EA2BD /* SK_TopNavFilterView.m in Sources */,
				11A28358219EAF9F008EA2BD /* AppDelegate.m in Sources */,
			);
			runOnlyForDeploymentPostprocessing = 0;
		};
		11A28367219EAFA1008EA2BD /* Sources */ = {
			isa = PBXSourcesBuildPhase;
			buildActionMask = 2147483647;
			files = (
				11A28370219EAFA1008EA2BD /* SKNavMenuDemoTests.m in Sources */,
			);
			runOnlyForDeploymentPostprocessing = 0;
		};
		11A28372219EAFA1008EA2BD /* Sources */ = {
			isa = PBXSourcesBuildPhase;
			buildActionMask = 2147483647;
			files = (
				11A2837B219EAFA1008EA2BD /* SKNavMenuDemoUITests.m in Sources */,
			);
			runOnlyForDeploymentPostprocessing = 0;
		};
/* End PBXSourcesBuildPhase section */

/* Begin PBXTargetDependency section */
		11A2836D219EAFA1008EA2BD /* PBXTargetDependency */ = {
			isa = PBXTargetDependency;
			target = 11A28352219EAF9F008EA2BD /* SKNavMenuDemo */;
			targetProxy = 11A2836C219EAFA1008EA2BD /* PBXContainerItemProxy */;
		};
		11A28378219EAFA1008EA2BD /* PBXTargetDependency */ = {
			isa = PBXTargetDependency;
			target = 11A28352219EAF9F008EA2BD /* SKNavMenuDemo */;
			targetProxy = 11A28377219EAFA1008EA2BD /* PBXContainerItemProxy */;
		};
/* End PBXTargetDependency section */

/* Begin PBXVariantGroup section */
		11A28361219EAFA0008EA2BD /* LaunchScreen.storyboard */ = {
			isa = PBXVariantGroup;
			children = (
				11A28362219EAFA0008EA2BD /* Base */,
			);
			name = LaunchScreen.storyboard;
			sourceTree = "<group>";
		};
/* End PBXVariantGroup section */

/* Begin XCBuildConfiguration section */
		11A2837D219EAFA1008EA2BD /* Debug */ = {
			isa = XCBuildConfiguration;
			buildSettings = {
				ALWAYS_SEARCH_USER_PATHS = NO;
				CLANG_ANALYZER_NONNULL = YES;
				CLANG_ANALYZER_NUMBER_OBJECT_CONVERSION = YES_AGGRESSIVE;
				CLANG_CXX_LANGUAGE_STANDARD = "gnu++14";
				CLANG_CXX_LIBRARY = "libc++";
				CLANG_ENABLE_MODULES = YES;
				CLANG_ENABLE_OBJC_ARC = YES;
				CLANG_ENABLE_OBJC_WEAK = YES;
				CLANG_WARN_BLOCK_CAPTURE_AUTORELEASING = YES;
				CLANG_WARN_BOOL_CONVERSION = YES;
				CLANG_WARN_COMMA = YES;
				CLANG_WARN_CONSTANT_CONVERSION = YES;
				CLANG_WARN_DEPRECATED_OBJC_IMPLEMENTATIONS = YES;
				CLANG_WARN_DIRECT_OBJC_ISA_USAGE = YES_ERROR;
				CLANG_WARN_DOCUMENTATION_COMMENTS = YES;
				CLANG_WARN_EMPTY_BODY = YES;
				CLANG_WARN_ENUM_CONVERSION = YES;
				CLANG_WARN_INFINITE_RECURSION = YES;
				CLANG_WARN_INT_CONVERSION = YES;
				CLANG_WARN_NON_LITERAL_NULL_CONVERSION = YES;
				CLANG_WARN_OBJC_IMPLICIT_RETAIN_SELF = YES;
				CLANG_WARN_OBJC_LITERAL_CONVERSION = YES;
				CLANG_WARN_OBJC_ROOT_CLASS = YES_ERROR;
				CLANG_WARN_RANGE_LOOP_ANALYSIS = YES;
				CLANG_WARN_STRICT_PROTOTYPES = YES;
				CLANG_WARN_SUSPICIOUS_MOVE = YES;
				CLANG_WARN_UNGUARDED_AVAILABILITY = YES_AGGRESSIVE;
				CLANG_WARN_UNREACHABLE_CODE = YES;
				CLANG_WARN__DUPLICATE_METHOD_MATCH = YES;
				CODE_SIGN_IDENTITY = "iPhone Developer";
				COPY_PHASE_STRIP = NO;
				DEBUG_INFORMATION_FORMAT = dwarf;
				ENABLE_STRICT_OBJC_MSGSEND = YES;
				ENABLE_TESTABILITY = YES;
				GCC_C_LANGUAGE_STANDARD = gnu11;
				GCC_DYNAMIC_NO_PIC = NO;
				GCC_NO_COMMON_BLOCKS = YES;
				GCC_OPTIMIZATION_LEVEL = 0;
				GCC_PREPROCESSOR_DEFINITIONS = (
					"DEBUG=1",
					"$(inherited)",
				);
				GCC_WARN_64_TO_32_BIT_CONVERSION = YES;
				GCC_WARN_ABOUT_RETURN_TYPE = YES_ERROR;
				GCC_WARN_UNDECLARED_SELECTOR = YES;
				GCC_WARN_UNINITIALIZED_AUTOS = YES_AGGRESSIVE;
				GCC_WARN_UNUSED_FUNCTION = YES;
				GCC_WARN_UNUSED_VARIABLE = YES;
				IPHONEOS_DEPLOYMENT_TARGET = 12.1;
				MTL_ENABLE_DEBUG_INFO = INCLUDE_SOURCE;
				MTL_FAST_MATH = YES;
				ONLY_ACTIVE_ARCH = YES;
				SDKROOT = iphoneos;
			};
			name = Debug;
		};
		11A2837E219EAFA1008EA2BD /* Release */ = {
			isa = XCBuildConfiguration;
			buildSettings = {
				ALWAYS_SEARCH_USER_PATHS = NO;
				CLANG_ANALYZER_NONNULL = YES;
				CLANG_ANALYZER_NUMBER_OBJECT_CONVERSION = YES_AGGRESSIVE;
				CLANG_CXX_LANGUAGE_STANDARD = "gnu++14";
				CLANG_CXX_LIBRARY = "libc++";
				CLANG_ENABLE_MODULES = YES;
				CLANG_ENABLE_OBJC_ARC = YES;
				CLANG_ENABLE_OBJC_WEAK = YES;
				CLANG_WARN_BLOCK_CAPTURE_AUTORELEASING = YES;
				CLANG_WARN_BOOL_CONVERSION = YES;
				CLANG_WARN_COMMA = YES;
				CLANG_WARN_CONSTANT_CONVERSION = YES;
				CLANG_WARN_DEPRECATED_OBJC_IMPLEMENTATIONS = YES;
				CLANG_WARN_DIRECT_OBJC_ISA_USAGE = YES_ERROR;
				CLANG_WARN_DOCUMENTATION_COMMENTS = YES;
				CLANG_WARN_EMPTY_BODY = YES;
				CLANG_WARN_ENUM_CONVERSION = YES;
				CLANG_WARN_INFINITE_RECURSION = YES;
				CLANG_WARN_INT_CONVERSION = YES;
				CLANG_WARN_NON_LITERAL_NULL_CONVERSION = YES;
				CLANG_WARN_OBJC_IMPLICIT_RETAIN_SELF = YES;
				CLANG_WARN_OBJC_LITERAL_CONVERSION = YES;
				CLANG_WARN_OBJC_ROOT_CLASS = YES_ERROR;
				CLANG_WARN_RANGE_LOOP_ANALYSIS = YES;
				CLANG_WARN_STRICT_PROTOTYPES = YES;
				CLANG_WARN_SUSPICIOUS_MOVE = YES;
				CLANG_WARN_UNGUARDED_AVAILABILITY = YES_AGGRESSIVE;
				CLANG_WARN_UNREACHABLE_CODE = YES;
				CLANG_WARN__DUPLICATE_METHOD_MATCH = YES;
				CODE_SIGN_IDENTITY = "iPhone Developer";
				COPY_PHASE_STRIP = NO;
				DEBUG_INFORMATION_FORMAT = "dwarf-with-dsym";
				ENABLE_NS_ASSERTIONS = NO;
				ENABLE_STRICT_OBJC_MSGSEND = YES;
				GCC_C_LANGUAGE_STANDARD = gnu11;
				GCC_NO_COMMON_BLOCKS = YES;
				GCC_WARN_64_TO_32_BIT_CONVERSION = YES;
				GCC_WARN_ABOUT_RETURN_TYPE = YES_ERROR;
				GCC_WARN_UNDECLARED_SELECTOR = YES;
				GCC_WARN_UNINITIALIZED_AUTOS = YES_AGGRESSIVE;
				GCC_WARN_UNUSED_FUNCTION = YES;
				GCC_WARN_UNUSED_VARIABLE = YES;
				IPHONEOS_DEPLOYMENT_TARGET = 12.1;
				MTL_ENABLE_DEBUG_INFO = NO;
				MTL_FAST_MATH = YES;
				SDKROOT = iphoneos;
				VALIDATE_PRODUCT = YES;
			};
			name = Release;
		};
		11A28380219EAFA1008EA2BD /* Debug */ = {
			isa = XCBuildConfiguration;
			buildSettings = {
				ASSETCATALOG_COMPILER_APPICON_NAME = AppIcon;
				CODE_SIGN_STYLE = Automatic;
				INFOPLIST_FILE = SKNavMenuDemo/Info.plist;
				LD_RUNPATH_SEARCH_PATHS = (
					"$(inherited)",
					"@executable_path/Frameworks",
				);
				PRODUCT_BUNDLE_IDENTIFIER = AlexanderYeah.SKNavMenuDemo;
				PRODUCT_NAME = "$(TARGET_NAME)";
				TARGETED_DEVICE_FAMILY = "1,2";
			};
			name = Debug;
		};
		11A28381219EAFA1008EA2BD /* Release */ = {
			isa = XCBuildConfiguration;
			buildSettings = {
				ASSETCATALOG_COMPILER_APPICON_NAME = AppIcon;
				CODE_SIGN_STYLE = Automatic;
				INFOPLIST_FILE = SKNavMenuDemo/Info.plist;
				LD_RUNPATH_SEARCH_PATHS = (
					"$(inherited)",
					"@executable_path/Frameworks",
				);
				PRODUCT_BUNDLE_IDENTIFIER = AlexanderYeah.SKNavMenuDemo;
				PRODUCT_NAME = "$(TARGET_NAME)";
				TARGETED_DEVICE_FAMILY = "1,2";
			};
			name = Release;
		};
		11A28383219EAFA1008EA2BD /* Debug */ = {
			isa = XCBuildConfiguration;
			buildSettings = {
				BUNDLE_LOADER = "$(TEST_HOST)";
				CODE_SIGN_STYLE = Automatic;
				INFOPLIST_FILE = SKNavMenuDemoTests/Info.plist;
				LD_RUNPATH_SEARCH_PATHS = (
					"$(inherited)",
					"@executable_path/Frameworks",
					"@loader_path/Frameworks",
				);
				PRODUCT_BUNDLE_IDENTIFIER = AlexanderYeah.SKNavMenuDemoTests;
				PRODUCT_NAME = "$(TARGET_NAME)";
				TARGETED_DEVICE_FAMILY = "1,2";
				TEST_HOST = "$(BUILT_PRODUCTS_DIR)/SKNavMenuDemo.app/SKNavMenuDemo";
			};
			name = Debug;
		};
		11A28384219EAFA1008EA2BD /* Release */ = {
			isa = XCBuildConfiguration;
			buildSettings = {
				BUNDLE_LOADER = "$(TEST_HOST)";
				CODE_SIGN_STYLE = Automatic;
				INFOPLIST_FILE = SKNavMenuDemoTests/Info.plist;
				LD_RUNPATH_SEARCH_PATHS = (
					"$(inherited)",
					"@executable_path/Frameworks",
					"@loader_path/Frameworks",
				);
				PRODUCT_BUNDLE_IDENTIFIER = AlexanderYeah.SKNavMenuDemoTests;
				PRODUCT_NAME = "$(TARGET_NAME)";
				TARGETED_DEVICE_FAMILY = "1,2";
				TEST_HOST = "$(BUILT_PRODUCTS_DIR)/SKNavMenuDemo.app/SKNavMenuDemo";
			};
			name = Release;
		};
		11A28386219EAFA1008EA2BD /* Debug */ = {
			isa = XCBuildConfiguration;
			buildSettings = {
				CODE_SIGN_STYLE = Automatic;
				INFOPLIST_FILE = SKNavMenuDemoUITests/Info.plist;
				LD_RUNPATH_SEARCH_PATHS = (
					"$(inherited)",
					"@executable_path/Frameworks",
					"@loader_path/Frameworks",
				);
				PRODUCT_BUNDLE_IDENTIFIER = AlexanderYeah.SKNavMenuDemoUITests;
				PRODUCT_NAME = "$(TARGET_NAME)";
				TARGETED_DEVICE_FAMILY = "1,2";
				TEST_TARGET_NAME = SKNavMenuDemo;
			};
			name = Debug;
		};
		11A28387219EAFA1008EA2BD /* Release */ = {
			isa = XCBuildConfiguration;
			buildSettings = {
				CODE_SIGN_STYLE = Automatic;
				INFOPLIST_FILE = SKNavMenuDemoUITests/Info.plist;
				LD_RUNPATH_SEARCH_PATHS = (
					"$(inherited)",
					"@executable_path/Frameworks",
					"@loader_path/Frameworks",
				);
				PRODUCT_BUNDLE_IDENTIFIER = AlexanderYeah.SKNavMenuDemoUITests;
				PRODUCT_NAME = "$(TARGET_NAME)";
				TARGETED_DEVICE_FAMILY = "1,2";
				TEST_TARGET_NAME = SKNavMenuDemo;
			};
			name = Release;
		};
/* End XCBuildConfiguration section */

/* Begin XCConfigurationList section */
		11A2834E219EAF9F008EA2BD /* Build configuration list for PBXProject "SKNavMenuDemo" */ = {
			isa = XCConfigurationList;
			buildConfigurations = (
				11A2837D219EAFA1008EA2BD /* Debug */,
				11A2837E219EAFA1008EA2BD /* Release */,
			);
			defaultConfigurationIsVisible = 0;
			defaultConfigurationName = Release;
		};
		11A2837F219EAFA1008EA2BD /* Build configuration list for PBXNativeTarget "SKNavMenuDemo" */ = {
			isa = XCConfigurationList;
			buildConfigurations = (
				11A28380219EAFA1008EA2BD /* Debug */,
				11A28381219EAFA1008EA2BD /* Release */,
			);
			defaultConfigurationIsVisible = 0;
			defaultConfigurationName = Release;
		};
		11A28382219EAFA1008EA2BD /* Build configuration list for PBXNativeTarget "SKNavMenuDemoTests" */ = {
			isa = XCConfigurationList;
			buildConfigurations = (
				11A28383219EAFA1008EA2BD /* Debug */,
				11A28384219EAFA1008EA2BD /* Release */,
			);
			defaultConfigurationIsVisible = 0;
			defaultConfigurationName = Release;
		};
		11A28385219EAFA1008EA2BD /* Build configuration list for PBXNativeTarget "SKNavMenuDemoUITests" */ = {
			isa = XCConfigurationList;
			buildConfigurations = (
				11A28386219EAFA1008EA2BD /* Debug */,
				11A28387219EAFA1008EA2BD /* Release */,
			);
			defaultConfigurationIsVisible = 0;
			defaultConfigurationName = Release;
		};
/* End XCConfigurationList section */
	};
	rootObject = 11A2834B219EAF9F008EA2BD /* Project object */;
}
